{
  "name": "@litert/tokens",
  "version": "0.1.0",
  "lockfileVersion": 1,
  "requires": true,
  "dependencies": {
    "@litert/core": {
      "version": "1.0.3",
      "resolved": "https://registry.npmjs.org/@litert/core/-/core-1.0.3.tgz",
      "integrity": "sha512-XPKI/ZYEHx/4baoaxsoP3tIqBXh00GZAC+TERWmMtrRm7xyFsdCKbvXfstfRQspMrpUs0wwGpIkVrgwYl9ak2A=="
    },
    "@litert/encodings": {
      "version": "2.0.0",
      "resolved": "https://registry.npmjs.org/@litert/encodings/-/encodings-2.0.0.tgz",
      "integrity": "sha512-jB6/h6AD8gnOoj3FLHzw5iNNR2LT9f4FLiRPXpsC/8kmIIMmkXs3s8PR0bGdL3DAz+erXjcgBXHzTmoZhZGuPg=="
    },
    "@litert/signatures": {
      "version": "1.2.0",
      "resolved": "https://registry.npmjs.org/@litert/signatures/-/signatures-1.2.0.tgz",
      "integrity": "sha512-Oc+T5Ry58ak8AD+mgq/skf8bjzL1EDF9RxHLQUgl60K50ie7FxXSoiZyAuD2Yul8go9h5q47Cmw9STuuw2dCjw==",
      "requires": {
        "@litert/core": "^1.0.3",
        "@litert/encodings": "^2.0.0"
      }
    },
    "@types/node": {
      "version": "10.14.12",
      "resolved": "https://registry.npmjs.org/@types/node/-/node-10.14.12.tgz",
      "integrity": "sha512-QcAKpaO6nhHLlxWBvpc4WeLrTvPqlHOvaj0s5GriKkA1zq+bsFBPpfYCvQhLqLgYlIko8A9YrPdaMHCo5mBcpg==",
      "dev": true
    },
    "typescript": {
      "version": "3.5.2",
      "resolved": "https://registry.npmjs.org/typescript/-/typescript-3.5.2.tgz",
      "integrity": "sha512-7KxJovlYhTX5RaRbUdkAXN1KUZ8PwWlTzQdHV6xNqvuFOs7+WBo10TQUqT19Q/Jz2hk5v9TQDIhyLhhJY4p5AA==",
      "dev": true
    }
  }
}
